# This file was autogenerated by uv via the following command:
#    uv pip compile requirements.txt -o requirements.lock --python-version 3.12
aiofile==3.12.3
    # via py-key-value-aio
aiohappyeyeballs==2.7.1
    # via aiohttp
aiohttp==3.14.3
    # via kubernetes
aioitertools==0.13.0
    # via arize-phoenix
aiosignal==1.4.0
    # via aiohttp
aiosqlite==0.22.1
    # via arize-phoenix
alembic==1.19.1
    # via arize-phoenix
annotated-doc==0.0.5
    # via
    #   fastapi
    #   typer
annotated-types==0.8.0
    # via pydantic
anthropic==0.121.0
    # via pydantic-ai-slim
anyio==4.14.2
    # via
    #   anthropic
    #   google-genai
    #   httpx
    #   httpx2
    #   langsmith
    #   mcp
    #   openai
    #   py-key-value-aio
    #   pydantic-ai-slim
    #   pydantic-graph
    #   sse-starlette
    #   starlette
    #   watchfiles
arize-phoenix==20.1.0
    # via -r requirements.txt
arize-phoenix-client==3.1.0
    # via arize-phoenix
arize-phoenix-evals==3.4.0
    # via arize-phoenix
arize-phoenix-otel==0.17.1
    # via arize-phoenix
arize-phoenix-sqlean==0.1.0
    # via arize-phoenix
attrs==26.1.0
    # via
    #   aiohttp
    #   cyclopts
    #   jsonschema
    #   jsonschema-path
    #   referencing
authlib==1.7.2
    # via
    #   arize-phoenix
    #   fastmcp-slim
bashkit==0.16.0
    # via arize-phoenix
bcrypt==5.0.0
    # via chromadb
beartype==0.22.9
    # via py-key-value-aio
boto3==1.43.70
    # via pydantic-ai-slim
botocore==1.43.70
    # via
    #   boto3
    #   s3transfer
build==1.5.0
    # via chromadb
cachetools==7.1.7
    # via
    #   arize-phoenix
    #   py-key-value-aio
caio==0.12.2
    # via aiofile
certifi==2026.7.22
    # via
    #   httpcore
    #   httpx
    #   kubernetes
    #   requests
cffi==2.1.1
    # via cryptography
charset-normalizer==3.5.0
    # via requests
chromadb==1.5.9
    # via -r requirements.txt
click==8.4.2
    # via
    #   huggingface-hub
    #   uvicorn
cross-web==0.7.0
    # via strawberry-graphql
cryptography==50.0.0
    # via
    #   authlib
    #   google-auth
    #   joserfc
    #   pyjwt
    #   secretstorage
cyclopts==4.22.5
    # via fastmcp-slim
distro==1.9.0
    # via
    #   anthropic
    #   google-genai
    #   langsmith
    #   openai
dnspython==2.8.0
    # via email-validator
docstring-parser==0.18.0
    # via
    #   anthropic
    #   cyclopts
durationpy==0.10
    # via kubernetes
email-validator==2.3.0
    # via
    #   arize-phoenix
    #   pydantic
exceptiongroup==1.3.1
    # via fastmcp-slim
fastapi==0.141.1
    # via
    #   -r requirements.txt
    #   arize-phoenix
fastmcp-slim==3.4.7
    # via
    #   arize-phoenix
    #   pydantic-ai-slim
filelock==3.32.2
    # via huggingface-hub
flatbuffers==25.12.19
    # via onnxruntime
frozenlist==1.8.0
    # via
    #   aiohttp
    #   aiosignal
fsspec==2026.7.0
    # via huggingface-hub
genai-prices==0.1.2
    # via pydantic-ai-slim
google-auth==2.56.3
    # via google-genai
google-genai==2.18.0
    # via pydantic-ai-slim
googleapis-common-protos==1.75.1
    # via
    #   opentelemetry-exporter-otlp-proto-grpc
    #   opentelemetry-exporter-otlp-proto-http
graphql-core==3.2.11
    # via strawberry-graphql
greenlet==3.5.5
    # via
    #   playwright
    #   sqlalchemy
griffelib==2.1.0
    # via
    #   fastmcp-slim
    #   pydantic-ai-slim
grpc-interceptor==0.15.4
    # via arize-phoenix
grpcio==1.83.0
    # via
    #   arize-phoenix
    #   chromadb
    #   grpc-interceptor
    #   opentelemetry-exporter-otlp-proto-grpc
h11==0.16.0
    # via
    #   httpcore
    #   httpcore2
    #   uvicorn
h2==4.4.1
    # via httpx
hf-xet==1.6.0
    # via huggingface-hub
hpack==4.2.0
    # via h2
httpcore==1.0.9
    # via httpx
httpcore2==2.10.0
    # via httpx2
httptools==0.8.0
    # via uvicorn
httpx==0.28.1
    # via
    #   -r requirements.txt
    #   anthropic
    #   arize-phoenix
    #   arize-phoenix-client
    #   chromadb
    #   fastmcp-slim
    #   google-genai
    #   huggingface-hub
    #   langgraph-sdk
    #   langsmith
    #   mcp
    #   openai
    #   pydantic-ai-slim
    #   pydantic-graph
httpx-sse==0.4.3
    # via mcp
httpx2==2.10.0
    # via genai-prices
huggingface-hub==1.27.0
    # via tokenizers
hyperframe==6.1.0
    # via h2
idna==3.18
    # via
    #   anyio
    #   email-validator
    #   httpx
    #   httpx2
    #   requests
    #   yarl
importlib-resources==7.1.0
    # via chromadb
iniconfig==2.3.0
    # via pytest
jaraco-classes==3.4.0
    # via keyring
jaraco-context==6.1.2
    # via keyring
jaraco-functools==4.6.0
    # via keyring
jeepney==0.9.0
    # via
    #   keyring
    #   secretstorage
jinja2==3.1.6
    # via arize-phoenix
jiter==0.16.0
    # via
    #   anthropic
    #   openai
jmespath==1.1.0
    # via
    #   arize-phoenix
    #   boto3
    #   botocore
joblib==1.5.3
    # via scikit-learn
joserfc==1.7.4
    # via
    #   arize-phoenix
    #   authlib
    #   fastmcp-slim
jsonpatch==1.33
    # via langchain-core
jsonpath-ng==1.8.0
    # via
    #   arize-phoenix
    #   arize-phoenix-evals
jsonpointer==3.1.1
    # via jsonpatch
jsonref==1.1.0
    # via fastmcp-slim
jsonschema==4.26.0
    # via
    #   arize-phoenix
    #   chromadb
    #   mcp
jsonschema-path==0.5.0
    # via fastmcp-slim
jsonschema-specifications==2025.9.1
    # via jsonschema
keyring==25.7.0
    # via py-key-value-aio
kubernetes==36.0.3
    # via chromadb
langchain-core==1.5.4
    # via
    #   -r requirements.txt
    #   langchain-openai
    #   langgraph
    #   langgraph-checkpoint
    #   langgraph-prebuilt
    #   langgraph-sdk
langchain-openai==1.4.3
    # via -r requirements.txt
langchain-protocol==0.0.18
    # via
    #   langchain-core
    #   langgraph-sdk
langgraph==1.2.11
    # via -r requirements.txt
langgraph-checkpoint==4.2.0
    # via
    #   -r requirements.txt
    #   langgraph
    #   langgraph-prebuilt
langgraph-prebuilt==1.1.0
    # via langgraph
langgraph-sdk==0.4.2
    # via langgraph
langsmith==0.10.18
    # via langchain-core
ldap3==2.9.1
    # via arize-phoenix
logfire-api==4.40.0
    # via pydantic-graph
mako==1.4.1
    # via alembic
markdown-it-py==4.2.0
    # via rich
markupsafe==3.0.3
    # via
    #   jinja2
    #   mako
mcp==1.29.0
    # via fastmcp-slim
mdurl==0.1.2
    # via markdown-it-py
mmh3==5.2.1
    # via chromadb
more-itertools==11.1.0
    # via
    #   jaraco-classes
    #   jaraco-functools
msgpack==1.2.1
    # via -r requirements.txt
multidict==6.7.1
    # via
    #   aiohttp
    #   yarl
narwhals==2.24.0
    # via scikit-learn
numpy==2.5.2
    # via
    #   arize-phoenix
    #   chromadb
    #   onnxruntime
    #   pandas
    #   scikit-learn
    #   scipy
oauthlib==3.3.1
    # via requests-oauthlib
onnxruntime==1.28.0
    # via chromadb
openai==2.54.0
    # via
    #   langchain-openai
    #   pydantic-ai-slim
openapi-pydantic==0.5.1
    # via fastmcp-slim
openinference-instrumentation==0.1.57
    # via
    #   arize-phoenix
    #   arize-phoenix-client
    #   arize-phoenix-evals
    #   arize-phoenix-otel
    #   openinference-instrumentation-openai
openinference-instrumentation-openai==0.1.54
    # via arize-phoenix
openinference-semantic-conventions==0.1.32
    # via
    #   arize-phoenix
    #   arize-phoenix-client
    #   arize-phoenix-evals
    #   arize-phoenix-otel
    #   openinference-instrumentation
    #   openinference-instrumentation-openai
opentelemetry-api==1.44.0
    # via
    #   arize-phoenix-evals
    #   chromadb
    #   fastmcp-slim
    #   openinference-instrumentation
    #   openinference-instrumentation-openai
    #   opentelemetry-exporter-otlp-proto-grpc
    #   opentelemetry-exporter-otlp-proto-http
    #   opentelemetry-instrumentation
    #   opentelemetry-instrumentation-asyncio
    #   opentelemetry-instrumentation-requests
    #   opentelemetry-sdk
    #   opentelemetry-semantic-conventions
    #   pydantic-ai-slim
opentelemetry-exporter-otlp==1.44.0
    # via
    #   arize-phoenix
    #   arize-phoenix-client
    #   arize-phoenix-otel
opentelemetry-exporter-otlp-proto-common==1.44.0
    # via
    #   opentelemetry-exporter-otlp-proto-grpc
    #   opentelemetry-exporter-otlp-proto-http
opentelemetry-exporter-otlp-proto-grpc==1.44.0
    # via
    #   chromadb
    #   opentelemetry-exporter-otlp
opentelemetry-exporter-otlp-proto-http==1.44.0
    # via
    #   -r requirements.txt
    #   opentelemetry-exporter-otlp
opentelemetry-instrumentation==0.65b0
    # via
    #   openinference-instrumentation-openai
    #   opentelemetry-instrumentation-asyncio
    #   opentelemetry-instrumentation-requests
opentelemetry-instrumentation-asyncio==0.65b0
    # via -r requirements.txt
opentelemetry-instrumentation-requests==0.65b0
    # via -r requirements.txt
opentelemetry-proto==1.44.0
    # via
    #   arize-phoenix
    #   arize-phoenix-otel
    #   opentelemetry-exporter-otlp-proto-common
    #   opentelemetry-exporter-otlp-proto-grpc
    #   opentelemetry-exporter-otlp-proto-http
opentelemetry-sdk==1.44.0
    # via
    #   -r requirements.txt
    #   arize-phoenix
    #   arize-phoenix-client
    #   arize-phoenix-otel
    #   chromadb
    #   openinference-instrumentation
    #   opentelemetry-exporter-otlp-proto-grpc
    #   opentelemetry-exporter-otlp-proto-http
opentelemetry-semantic-conventions==0.65b0
    # via
    #   arize-phoenix-otel
    #   openinference-instrumentation-openai
    #   opentelemetry-instrumentation
    #   opentelemetry-instrumentation-asyncio
    #   opentelemetry-instrumentation-requests
    #   opentelemetry-sdk
opentelemetry-util-http==0.65b0
    # via opentelemetry-instrumentation-requests
orjson==3.11.9
    # via
    #   arize-phoenix
    #   chromadb
    #   langgraph-sdk
    #   langsmith
ormsgpack==1.12.2
    # via langgraph-checkpoint
overrides==7.7.0
    # via chromadb
packaging==26.3
    # via
    #   build
    #   fastmcp-slim
    #   huggingface-hub
    #   langchain-core
    #   langsmith
    #   onnxruntime
    #   opentelemetry-instrumentation
    #   pytest
    #   strawberry-graphql
pandas==3.0.5
    # via
    #   arize-phoenix
    #   arize-phoenix-evals
pathable==0.6.0
    # via jsonschema-path
platformdirs==4.11.2
    # via fastmcp-slim
playwright==1.62.0
    # via -r requirements.txt
pluggy==1.6.0
    # via pytest
prometheus-client==0.26.0
    # via
    #   -r requirements.txt
    #   arize-phoenix
propcache==0.5.2
    # via
    #   aiohttp
    #   yarl
protobuf==7.35.1
    # via
    #   googleapis-common-protos
    #   onnxruntime
    #   opentelemetry-proto
psutil==7.2.2
    # via arize-phoenix
py-key-value-aio==0.4.5
    # via fastmcp-slim
pyarrow==25.0.1
    # via arize-phoenix
pyasn1==0.6.4
    # via
    #   ldap3
    #   pyasn1-modules
pyasn1-modules==0.4.2
    # via google-auth
pybase64==1.5.0
    # via chromadb
pycparser==3.0
    # via cffi
pydantic==2.13.4
    # via
    #   -r requirements.txt
    #   anthropic
    #   arize-phoenix
    #   arize-phoenix-evals
    #   chromadb
    #   fastapi
    #   fastmcp-slim
    #   genai-prices
    #   google-genai
    #   langchain-core
    #   langgraph
    #   langsmith
    #   mcp
    #   openai
    #   openapi-pydantic
    #   pydantic-ai-slim
    #   pydantic-graph
    #   pydantic-settings
pydantic-ai-slim==2.29.0
    # via arize-phoenix
pydantic-core==2.46.4
    # via pydantic
pydantic-graph==2.29.0
    # via pydantic-ai-slim
pydantic-monty==0.0.19
    # via arize-phoenix
pydantic-monty-runtime==0.0.19
    # via pydantic-monty
pydantic-settings==2.15.0
    # via
    #   chromadb
    #   fastmcp-slim
    #   mcp
pyee==13.0.1
    # via playwright
pygments==2.20.0
    # via
    #   pytest
    #   rich
    #   rich-rst
pyjwt==2.13.0
    # via mcp
pyperclip==1.11.0
    # via fastmcp-slim
pypika==0.51.1
    # via chromadb
pyproject-hooks==1.2.0
    # via build
pystache==0.6.8
    # via
    #   arize-phoenix
    #   arize-phoenix-evals
pytest==9.1.1
    # via -r requirements.txt
python-dateutil==2.9.0.post0
    # via
    #   arize-phoenix
    #   botocore
    #   kubernetes
    #   pandas
    #   strawberry-graphql
python-dotenv==1.2.2
    # via
    #   fastmcp-slim
    #   pydantic-settings
    #   uvicorn
python-multipart==0.0.32
    # via
    #   arize-phoenix
    #   fastmcp-slim
    #   mcp
pyyaml==6.0.3
    # via
    #   -r requirements.txt
    #   arize-phoenix
    #   chromadb
    #   fastmcp-slim
    #   huggingface-hub
    #   jsonschema-path
    #   kubernetes
    #   langchain-core
    #   uvicorn
referencing==0.37.0
    # via
    #   jsonschema
    #   jsonschema-path
    #   jsonschema-specifications
regex==2026.7.19
    # via tiktoken
requests==2.34.2
    # via
    #   google-auth
    #   google-genai
    #   kubernetes
    #   langsmith
    #   opentelemetry-exporter-otlp-proto-http
    #   requests-oauthlib
    #   requests-toolbelt
    #   tiktoken
requests-oauthlib==2.0.0
    # via kubernetes
requests-toolbelt==1.0.0
    # via langsmith
rich==15.0.0
    # via
    #   -r requirements.txt
    #   chromadb
    #   cyclopts
    #   fastmcp-slim
    #   rich-rst
    #   typer
rich-rst==2.1.0
    # via cyclopts
rpds-py==2026.6.3
    # via
    #   jsonschema
    #   referencing
ruff==0.16.2
    # via -r requirements.txt
s3transfer==0.19.2
    # via boto3
scikit-learn==1.9.0
    # via arize-phoenix
scipy==1.18.0
    # via
    #   arize-phoenix
    #   scikit-learn
secretstorage==3.5.0
    # via keyring
shellingham==1.5.4
    # via typer
six==1.17.0
    # via
    #   kubernetes
    #   python-dateutil
sniffio==1.3.1
    # via
    #   anthropic
    #   google-genai
    #   langsmith
    #   openai
sqlalchemy==2.0.52
    # via
    #   alembic
    #   arize-phoenix
sse-starlette==3.4.8
    # via mcp
starlette==1.6.0
    # via
    #   arize-phoenix
    #   fastapi
    #   fastmcp-slim
    #   mcp
    #   pydantic-ai-slim
    #   sse-starlette
strawberry-graphql==0.320.4
    # via arize-phoenix
tenacity==9.1.4
    # via
    #   chromadb
    #   google-genai
    #   langchain-core
threadpoolctl==3.6.0
    # via scikit-learn
tiktoken==0.13.0
    # via
    #   langchain-openai
    #   pydantic-ai-slim
tokenizers==0.23.1
    # via chromadb
tqdm==4.70.0
    # via
    #   arize-phoenix
    #   arize-phoenix-client
    #   arize-phoenix-evals
    #   chromadb
    #   huggingface-hub
    #   openai
truststore==0.10.4
    # via
    #   httpcore2
    #   httpx2
typer==0.27.1
    # via
    #   -r requirements.txt
    #   chromadb
types-pyyaml==6.0.12.20260724
    # via -r requirements.txt
types-requests==2.33.0.20260712
    # via -r requirements.txt
typing-extensions==4.16.0
    # via
    #   aiohttp
    #   aiosignal
    #   alembic
    #   anthropic
    #   anyio
    #   arize-phoenix
    #   arize-phoenix-client
    #   arize-phoenix-evals
    #   arize-phoenix-otel
    #   chromadb
    #   cross-web
    #   exceptiongroup
    #   fastapi
    #   fastmcp-slim
    #   google-genai
    #   grpcio
    #   httpx2
    #   huggingface-hub
    #   langchain-core
    #   langchain-protocol
    #   langsmith
    #   mcp
    #   openai
    #   openinference-instrumentation-openai
    #   opentelemetry-api
    #   opentelemetry-exporter-otlp-proto-grpc
    #   opentelemetry-exporter-otlp-proto-http
    #   opentelemetry-sdk
    #   opentelemetry-semantic-conventions
    #   py-key-value-aio
    #   pydantic
    #   pydantic-core
    #   pydantic-monty
    #   pyee
    #   referencing
    #   sqlalchemy
    #   starlette
    #   strawberry-graphql
    #   typing-inspection
typing-inspection==0.4.4
    # via
    #   fastapi
    #   mcp
    #   pydantic
    #   pydantic-ai-slim
    #   pydantic-graph
    #   pydantic-settings
uncalled-for==0.4.0
    # via fastmcp-slim
urllib3==2.7.0
    # via
    #   botocore
    #   kubernetes
    #   requests
    #   types-requests
uuid-utils==0.17.0
    # via
    #   langchain-core
    #   langsmith
uvicorn==0.52.2
    # via
    #   -r requirements.txt
    #   arize-phoenix
    #   chromadb
    #   fastmcp-slim
    #   mcp
uvloop==0.22.1
    # via uvicorn
watchfiles==1.2.0
    # via
    #   fastmcp-slim
    #   uvicorn
websocket-client==1.9.0
    # via kubernetes
websockets==15.0.1
    # via
    #   fastmcp-slim
    #   google-genai
    #   langgraph-sdk
    #   langsmith
    #   uvicorn
wrapt==2.3.0
    # via
    #   arize-phoenix
    #   arize-phoenix-otel
    #   openinference-instrumentation
    #   openinference-instrumentation-openai
    #   opentelemetry-instrumentation
    #   opentelemetry-instrumentation-asyncio
xxhash==4.0.0
    # via
    #   langgraph
    #   langsmith
yarl==1.24.5
    # via aiohttp
zstandard==0.25.0
    # via langsmith
